
Microsoft Visual Studio Solution File, Format Version 12.00
# Visual Studio Version 17
VisualStudioVersion = 17.1.32210.238
MinimumVisualStudioVersion = 10.0.40219.1
Project("{FAE04EC0-301F-11D3-BF4B-00C04F79EFBC}") = "MainCrack", "MainCrack\MainCrack.csproj", "{308C7116-17E0-450C-A170-E0EAAAF2B770}"
EndProject
Project("{FAE04EC0-301F-11D3-BF4B-00C04F79EFBC}") = "SubCrack", "SubCrack\SubCrack.csproj", "{4C36172F-ECAB-4146-89A1-5CABB9371DFB}"
EndProject
Global
	GlobalSection(SolutionConfigurationPlatforms) = preSolution
		Debug|Any CPU = Debug|Any CPU
		Release|Any CPU = Release|Any CPU
	EndGlobalSection
	GlobalSection(ProjectConfigurationPlatforms) = postSolution
		{308C7116-17E0-450C-A170-E0EAAAF2B770}.Debug|Any CPU.ActiveCfg = Debug|Any CPU
		{308C7116-17E0-450C-A170-E0EAAAF2B770}.Debug|Any CPU.Build.0 = Debug|Any CPU
		{308C7116-17E0-450C-A170-E0EAAAF2B770}.Release|Any CPU.ActiveCfg = Release|Any CPU
		{308C7116-17E0-450C-A170-E0EAAAF2B770}.Release|Any CPU.Build.0 = Release|Any CPU
		{4C36172F-ECAB-4146-89A1-5CABB9371DFB}.Debug|Any CPU.ActiveCfg = Debug|Any CPU
		{4C36172F-ECAB-4146-89A1-5CABB9371DFB}.Debug|Any CPU.Build.0 = Debug|Any CPU
		{4C36172F-ECAB-4146-89A1-5CABB9371DFB}.Release|Any CPU.ActiveCfg = Release|Any CPU
		{4C36172F-ECAB-4146-89A1-5CABB9371DFB}.Release|Any CPU.Build.0 = Release|Any CPU
	EndGlobalSection
	GlobalSection(SolutionProperties) = preSolution
		HideSolutionNode = FALSE
	EndGlobalSection
	GlobalSection(ExtensibilityGlobals) = postSolution
		SolutionGuid = {FA5D0811-1436-462D-891B-DD12D02063C1}
	EndGlobalSection
EndGlobal
